
Microsoft Visual Studio Solution File, Format Version 12.00
# Visual Studio Version 17
VisualStudioVersion = 17.4.33213.308
MinimumVisualStudioVersion = 10.0.40219.1
Project("{FAE04EC0-301F-11D3-BF4B-00C04F79EFBC}") = "WindowsFormsApp3", "WindowsFormsApp3\WindowsFormsApp3.csproj", "{83E1F4D2-E041-44B8-9A6D-FF6F052348D8}"
EndProject
Global
	GlobalSection(SolutionConfigurationPlatforms) = preSolution
		Debug|Any CPU = Debug|Any CPU
		Release|Any CPU = Release|Any CPU
	EndGlobalSection
	GlobalSection(ProjectConfigurationPlatforms) = postSolution
		{83E1F4D2-E041-44B8-9A6D-FF6F052348D8}.Debug|Any CPU.ActiveCfg = Debug|Any CPU
		{83E1F4D2-E041-44B8-9A6D-FF6F052348D8}.Debug|Any CPU.Build.0 = Debug|Any CPU
		{83E1F4D2-E041-44B8-9A6D-FF6F052348D8}.Release|Any CPU.ActiveCfg = Release|Any CPU
		{83E1F4D2-E041-44B8-9A6D-FF6F052348D8}.Release|Any CPU.Build.0 = Release|Any CPU
	EndGlobalSection
	GlobalSection(SolutionProperties) = preSolution
		HideSolutionNode = FALSE
	EndGlobalSection
	GlobalSection(ExtensibilityGlobals) = postSolution
		SolutionGuid = {796096AD-30C3-4C64-AE04-1246552B3BE5}
	EndGlobalSection
EndGlobal
